
Microsoft Visual Studio Solution File, Format Version 10.00
# Visual Studio 2008
Project("{FAE04EC0-301F-11D3-BF4B-00C04F79EFBC}") = "RenRen", "RenRen.csproj", "{FF787664-444B-4345-A1C4-DDE1A82D7B00}"
EndProject
Global
	GlobalSection(SolutionConfigurationPlatforms) = preSolution
		Debug|x86 = Debug|x86
		Release|x86 = Release|x86
	EndGlobalSection
	GlobalSection(ProjectConfigurationPlatforms) = postSolution
		{FF787664-444B-4345-A1C4-DDE1A82D7B00}.Debug|x86.ActiveCfg = Debug|x86
		{FF787664-444B-4345-A1C4-DDE1A82D7B00}.Debug|x86.Build.0 = Debug|x86
		{FF787664-444B-4345-A1C4-DDE1A82D7B00}.Release|x86.ActiveCfg = Release|x86
		{FF787664-444B-4345-A1C4-DDE1A82D7B00}.Release|x86.Build.0 = Release|x86
	EndGlobalSection
	GlobalSection(SolutionProperties) = preSolution
		HideSolutionNode = FALSE
	EndGlobalSection
EndGlobal
